<?xml version="1.0" encoding="utf-8"?>
<Project ToolsVersion="4.0" xmlns="http://schemas.microsoft.com/developer/msbuild/2003">
  <ItemGroup>
    <Filter Include="Source Files">
      <UniqueIdentifier>{4FC737F1-C7A5-4376-A066-2A32D752A2FF}</UniqueIdentifier>
      <Extensions>cpp;c;cc;cxx;def;odl;idl;hpj;bat;asm;asmx</Extensions>
    </Filter>
    <Filter Include="Header Files">
      <UniqueIdentifier>{93995380-89BD-4b04-88EB-625FBE52EBFB}</UniqueIdentifier>
      <Extensions>h;hh;hpp;hxx;hm;inl;inc;ipp;xsd</Extensions>
    </Filter>
    <Filter Include="Resource Files">
      <UniqueIdentifier>{67DA6AB6-F800-4c08-8B7A-83BB121AAD01}</UniqueIdentifier>
      <Extensions>rc;ico;cur;bmp;dlg;rc2;rct;bin;rgs;gif;jpg;jpeg;jpe;resx;tiff;tif;png;wav;mfcribbon-ms</Extensions>
    </Filter>
    <Filter Include="Source Files\ChiliErrors">
      <UniqueIdentifier>{3ec6a6d1-f233-47e4-9d39-87a635a4eee5}</UniqueIdentifier>
    </Filter>
    <Filter Include="Header Files\ChiliErrors">
      <UniqueIdentifier>{104759e1-4481-4927-8d97-e9a73893f82e}</UniqueIdentifier>
    </Filter>
    <Filter Include="Shaders">
      <UniqueIdentifier>{5494fe3c-109d-4523-ac7c-5486c2016c97}</UniqueIdentifier>
    </Filter>
    <Filter Include="Header Files\Bindable">
      <UniqueIdentifier>{693381c1-9a81-4dbd-90e6-c64beab44b9c}</UniqueIdentifier>
    </Filter>
    <Filter Include="Header Files\Drawable">
      <UniqueIdentifier>{d2554c7e-94bc-4df3-a883-c163c42eb8c2}</UniqueIdentifier>
    </Filter>
    <Filter Include="Source Files\Bindable">
      <UniqueIdentifier>{76e25d2c-55c7-4433-8041-b39764f3aaab}</UniqueIdentifier>
    </Filter>
    <Filter Include="Source Files\Drawable">
      <UniqueIdentifier>{4e165349-dfc5-4e90-81fa-dca11b89d8d0}</UniqueIdentifier>
    </Filter>
    <Filter Include="Header Files\Macros">
      <UniqueIdentifier>{2695a929-5975-45ed-9f7a-6f2561f07acd}</UniqueIdentifier>
    </Filter>
    <Filter Include="Header Files\Chili">
      <UniqueIdentifier>{0ed1cb02-d74b-4beb-ae43-a69b6b4bac2a}</UniqueIdentifier>
    </Filter>
    <Filter Include="Source Files\Chili">
      <UniqueIdentifier>{995e54a0-ad31-487c-a175-10cff89eaa2a}</UniqueIdentifier>
    </Filter>
    <Filter Include="Imgui">
      <UniqueIdentifier>{63a44a69-fee4-4577-bd39-7f483c24ac7d}</UniqueIdentifier>
    </Filter>
    <Filter Include="Imgui\Headers">
      <UniqueIdentifier>{83614022-dea1-4ccd-8ee8-6d01d2f323ab}</UniqueIdentifier>
    </Filter>
    <Filter Include="Imgui\Source">
      <UniqueIdentifier>{befc9f39-bb2d-4683-b3ca-7269e999390f}</UniqueIdentifier>
    </Filter>
    <Filter Include="Header Files\Lights">
      <UniqueIdentifier>{d7601bca-e00b-4862-9869-caf6b1f2bb41}</UniqueIdentifier>
    </Filter>
    <Filter Include="Source Files\Lights">
      <UniqueIdentifier>{517d7428-2772-48f9-87e5-a15bd13622ce}</UniqueIdentifier>
    </Filter>
    <Filter Include="Header Files\Bindable\Buffers">
      <UniqueIdentifier>{cce31131-58bd-4500-ab71-f046911385bb}</UniqueIdentifier>
    </Filter>
    <Filter Include="Header Files\FBXImporter">
      <UniqueIdentifier>{c77c837e-d2e8-4dab-a2f2-f2310fda3244}</UniqueIdentifier>
    </Filter>
    <Filter Include="Header Files\VertexData">
      <UniqueIdentifier>{47cdc64d-d4a1-4d88-9540-9dbd4d084d36}</UniqueIdentifier>
    </Filter>
    <Filter Include="Header Files\SceneGraphs">
      <UniqueIdentifier>{2bbedfeb-842d-41ec-975e-26cf3c1bc159}</UniqueIdentifier>
    </Filter>
    <Filter Include="Shaders\Lighting">
      <UniqueIdentifier>{8b626847-c6f5-4083-89ac-81878a1bf0cc}</UniqueIdentifier>
    </Filter>
    <Filter Include="Assets">
      <UniqueIdentifier>{89494732-8570-42fc-9e4f-45427f75e556}</UniqueIdentifier>
    </Filter>
    <Filter Include="Assets\Materials">
      <UniqueIdentifier>{60d3db6c-6340-4eee-b82f-f30610c7fe41}</UniqueIdentifier>
    </Filter>
    <Filter Include="Header Files\RenderJobs">
      <UniqueIdentifier>{bca483fe-0738-45ec-8d54-fe4ff1adacd9}</UniqueIdentifier>
    </Filter>
    <Filter Include="Source Files\RenderJobs">
      <UniqueIdentifier>{3475f071-91f2-4ab0-b967-6e633f8ea2a5}</UniqueIdentifier>
    </Filter>
    <Filter Include="Header Files\Bindable\Shaders">
      <UniqueIdentifier>{a34e611c-f20c-40ec-98ed-6d7680b4b871}</UniqueIdentifier>
    </Filter>
    <Filter Include="Source Files\Bindable\Shaders">
      <UniqueIdentifier>{cda551ed-3740-4c56-9816-6c61d1172fe9}</UniqueIdentifier>
    </Filter>
    <Filter Include="Header Files\Bindable\Materials">
      <UniqueIdentifier>{ed422d5d-2c41-4834-bab6-62b540f50882}</UniqueIdentifier>
    </Filter>
    <Filter Include="Source Files\Bindable\Materials">
      <UniqueIdentifier>{f4f805a8-9683-4243-8f5c-d1728f617de9}</UniqueIdentifier>
    </Filter>
    <Filter Include="Assets\Models">
      <UniqueIdentifier>{38cbeb08-97d5-4af1-96ed-727e42e8a125}</UniqueIdentifier>
    </Filter>
    <Filter Include="Header Files\Util">
      <UniqueIdentifier>{61312ed5-1bd1-4456-b9e5-271c16d6a2b3}</UniqueIdentifier>
    </Filter>
    <Filter Include="Header Files\RenderPipeline">
      <UniqueIdentifier>{72d987d9-603a-41a5-a01c-dd5b8784fa4e}</UniqueIdentifier>
    </Filter>
    <Filter Include="Source Files\RenderPipeline">
      <UniqueIdentifier>{8ac01db9-e142-4300-b89b-d08cd105274a}</UniqueIdentifier>
    </Filter>
    <Filter Include="Header Files\RenderJobs\Passes">
      <UniqueIdentifier>{1ba6139c-dd0b-41a8-8c1c-ba4c7de4ce73}</UniqueIdentifier>
    </Filter>
    <Filter Include="Source Files\RenderJobs\Passes">
      <UniqueIdentifier>{b6674e5f-e356-4011-8a70-fc294419f13d}</UniqueIdentifier>
    </Filter>
    <Filter Include="Header Files\FBXImporter\Meshes">
      <UniqueIdentifier>{d89bbeda-33c0-4f48-9e9b-df739a460b7d}</UniqueIdentifier>
    </Filter>
    <Filter Include="Header Files\Bindable\Buffers\Data">
      <UniqueIdentifier>{2e56d0d8-798b-41fb-b2ca-97f6a10a736c}</UniqueIdentifier>
    </Filter>
    <Filter Include="Header Files\Bindable\Compute">
      <UniqueIdentifier>{ceb31e4f-d1e2-43e2-b8e5-9b0c19ee68c0}</UniqueIdentifier>
    </Filter>
    <Filter Include="Source Files\Bindable\Compute">
      <UniqueIdentifier>{4e85884d-fe7d-431c-9301-3ac8da07113d}</UniqueIdentifier>
    </Filter>
    <Filter Include="Header Files\Codex">
      <UniqueIdentifier>{0a2caff0-c6e9-46de-bb16-d55e6675eb3a}</UniqueIdentifier>
    </Filter>
    <Filter Include="Shaders\TiledLighting">
      <UniqueIdentifier>{f7e6cbcc-d824-4f68-b2f3-b5ee5742fbeb}</UniqueIdentifier>
    </Filter>
    <Filter Include="Shaders\Common">
      <UniqueIdentifier>{02fecf65-cc4c-4752-ba8f-fb548b2821e4}</UniqueIdentifier>
    </Filter>
    <Filter Include="Source Files\Util">
      <UniqueIdentifier>{a795e74b-c6da-4f32-ba97-ecb5aadcee81}</UniqueIdentifier>
    </Filter>
    <Filter Include="Header Files\Shadows">
      <UniqueIdentifier>{ea28b3cd-0076-416c-b1c0-77feaa708b69}</UniqueIdentifier>
    </Filter>
  </ItemGroup>
  <ItemGroup>
    <ClCompile Include="Main.cpp">
      <Filter>Source Files</Filter>
    </ClCompile>
    <ClCompile Include="Window.cpp">
      <Filter>Source Files</Filter>
    </ClCompile>
    <ClCompile Include="CustomException.cpp">
      <Filter>Source Files</Filter>
    </ClCompile>
    <ClCompile Include="Keyboard.cpp">
      <Filter>Source Files</Filter>
    </ClCompile>
    <ClCompile Include="Mouse.cpp">
      <Filter>Source Files</Filter>
    </ClCompile>
    <ClCompile Include="App.cpp">
      <Filter>Source Files</Filter>
    </ClCompile>
    <ClCompile Include="Timer.cpp">
      <Filter>Source Files</Filter>
    </ClCompile>
    <ClCompile Include="dxerr.cpp">
      <Filter>Source Files\ChiliErrors</Filter>
    </ClCompile>
    <ClCompile Include="DxgiInfoManager.cpp">
      <Filter>Source Files\ChiliErrors</Filter>
    </ClCompile>
    <ClCompile Include="IndexBuffer.cpp">
      <Filter>Source Files\Bindable</Filter>
    </ClCompile>
    <ClCompile Include="InputLayout.cpp">
      <Filter>Source Files\Bindable</Filter>
    </ClCompile>
    <ClCompile Include="Topology.cpp">
      <Filter>Source Files\Bindable</Filter>
    </ClCompile>
    <ClCompile Include="TransformCbuf.cpp">
      <Filter>Source Files\Bindable</Filter>
    </ClCompile>
    <ClCompile Include="ChiliUtil.cpp">
      <Filter>Source Files</Filter>
    </ClCompile>
    <ClCompile Include="Surface.cpp">
      <Filter>Source Files\Chili</Filter>
    </ClCompile>
    <ClCompile Include="GDIPlusManager.cpp">
      <Filter>Source Files\Chili</Filter>
    </ClCompile>
    <ClCompile Include="Texture.cpp">
      <Filter>Source Files\Bindable</Filter>
    </ClCompile>
    <ClCompile Include="Sampler.cpp">
      <Filter>Source Files\Bindable</Filter>
    </ClCompile>
    <ClCompile Include="Imgui\imgui.cpp">
      <Filter>Imgui\Source</Filter>
    </ClCompile>
    <ClCompile Include="Imgui\imgui_demo.cpp">
      <Filter>Imgui\Source</Filter>
    </ClCompile>
    <ClCompile Include="Imgui\imgui_draw.cpp">
      <Filter>Imgui\Source</Filter>
    </ClCompile>
    <ClCompile Include="Imgui\imgui_tables.cpp">
      <Filter>Imgui\Source</Filter>
    </ClCompile>
    <ClCompile Include="Imgui\imgui_widgets.cpp">
      <Filter>Imgui\Source</Filter>
    </ClCompile>
    <ClCompile Include="Imgui\imgui_impl_dx11.cpp">
      <Filter>Imgui\Source</Filter>
    </ClCompile>
    <ClCompile Include="Imgui\imgui_impl_win32.cpp">
      <Filter>Imgui\Source</Filter>
    </ClCompile>
    <ClCompile Include="ImguiManager.cpp">
      <Filter>Source Files</Filter>
    </ClCompile>
    <ClCompile Include="Camera.cpp">
      <Filter>Source Files</Filter>
    </ClCompile>
    <ClCompile Include="PointLight.cpp">
      <Filter>Source Files\Lights</Filter>
    </ClCompile>
    <ClCompile Include="Vertex.cpp">
      <Filter>Source Files</Filter>
    </ClCompile>
    <ClCompile Include="ModelInstance.cpp">
      <Filter>Source Files\Drawable</Filter>
    </ClCompile>
    <ClCompile Include="Log.cpp">
      <Filter>Source Files</Filter>
    </ClCompile>
    <ClCompile Include="MeshRenderer.cpp">
      <Filter>Source Files\Drawable</Filter>
    </ClCompile>
    <ClCompile Include="RenderTarget.cpp">
      <Filter>Source Files</Filter>
    </ClCompile>
    <ClCompile Include="DepthStencil.cpp">
      <Filter>Source Files</Filter>
    </ClCompile>
    <ClCompile Include="Technique.cpp">
      <Filter>Source Files\RenderJobs</Filter>
    </ClCompile>
    <ClCompile Include="NullPixelShader.cpp">
      <Filter>Source Files\Bindable\Shaders</Filter>
    </ClCompile>
    <ClCompile Include="VertexShader.cpp">
      <Filter>Source Files\Bindable\Shaders</Filter>
    </ClCompile>
    <ClCompile Include="PixelShader.cpp">
      <Filter>Source Files\Bindable\Shaders</Filter>
    </ClCompile>
    <ClCompile Include="Material.cpp">
      <Filter>Source Files\Bindable\Materials</Filter>
    </ClCompile>
    <ClCompile Include="MaterialPass.cpp">
      <Filter>Source Files\Bindable\Materials</Filter>
    </ClCompile>
    <ClCompile Include="Bindable.cpp">
      <Filter>Source Files\Bindable</Filter>
    </ClCompile>
    <ClCompile Include="Binding.cpp">
      <Filter>Source Files\Bindable</Filter>
    </ClCompile>
    <ClCompile Include="RasterizerState.cpp">
      <Filter>Source Files\Bindable</Filter>
    </ClCompile>
    <ClCompile Include="RenderStep.cpp">
      <Filter>Source Files\RenderJobs</Filter>
    </ClCompile>
    <ClCompile Include="RenderTexture.cpp">
      <Filter>Source Files\RenderPipeline</Filter>
    </ClCompile>
    <ClCompile Include="FullscreenPass.cpp">
      <Filter>Source Files\RenderJobs\Passes</Filter>
    </ClCompile>
    <ClCompile Include="RenderPass.cpp">
      <Filter>Source Files\RenderJobs</Filter>
    </ClCompile>
    <ClCompile Include="DepthStencilTarget.cpp">
      <Filter>Source Files\RenderPipeline</Filter>
    </ClCompile>
    <ClCompile Include="Graphics.cpp">
      <Filter>Source Files\RenderPipeline</Filter>
    </ClCompile>
    <ClCompile Include="VertexBufferWrapper.cpp">
      <Filter>Source Files\Bindable</Filter>
    </ClCompile>
    <ClCompile Include="ModelNode.cpp">
      <Filter>Source Files\Drawable</Filter>
    </ClCompile>
    <ClCompile Include="DepthStencilState.cpp">
      <Filter>Source Files\Bindable</Filter>
    </ClCompile>
    <ClCompile Include="ComputeShader.cpp">
      <Filter>Source Files\Bindable\Shaders</Filter>
    </ClCompile>
    <ClCompile Include="ComputeKernel.cpp">
      <Filter>Source Files\Bindable\Compute</Filter>
    </ClCompile>
    <ClCompile Include="RenderConstants.cpp">
      <Filter>Source Files\RenderPipeline</Filter>
    </ClCompile>
    <ClCompile Include="InstancedMeshRenderer.cpp">
      <Filter>Source Files\Drawable</Filter>
    </ClCompile>
    <ClCompile Include="Spotlight.cpp">
      <Filter>Source Files\Lights</Filter>
    </ClCompile>
    <ClCompile Include="DirectionalLight.cpp">
      <Filter>Source Files\Lights</Filter>
    </ClCompile>
    <ClCompile Include="Light.cpp">
      <Filter>Source Files\Lights</Filter>
    </ClCompile>
    <ClCompile Include="DrawCall.cpp">
      <Filter>Source Files\RenderJobs</Filter>
    </ClCompile>
    <ClCompile Include="RendererList.cpp">
      <Filter>Source Files\Drawable</Filter>
    </ClCompile>
    <ClCompile Include="Frustum.cpp">
      <Filter>Source Files\Util</Filter>
    </ClCompile>
  </ItemGroup>
  <ItemGroup>
    <ClInclude Include="WindowsInclude.h">
      <Filter>Header Files</Filter>
    </ClInclude>
    <ClInclude Include="Window.h">
      <Filter>Header Files</Filter>
    </ClInclude>
    <ClInclude Include="CustomException.h">
      <Filter>Header Files</Filter>
    </ClInclude>
    <ClInclude Include="resource.h">
      <Filter>Header Files</Filter>
    </ClInclude>
    <ClInclude Include="Keyboard.h">
      <Filter>Header Files</Filter>
    </ClInclude>
    <ClInclude Include="Mouse.h">
      <Filter>Header Files</Filter>
    </ClInclude>
    <ClInclude Include="App.h">
      <Filter>Header Files</Filter>
    </ClInclude>
    <ClInclude Include="Timer.h">
      <Filter>Header Files</Filter>
    </ClInclude>
    <ClInclude Include="dxerr.h">
      <Filter>Header Files\ChiliErrors</Filter>
    </ClInclude>
    <ClInclude Include="DxgiInfoManager.h">
      <Filter>Header Files\ChiliErrors</Filter>
    </ClInclude>
    <ClInclude Include="GraphicsThrowMacros.h">
      <Filter>Header Files\Macros</Filter>
    </ClInclude>
    <ClInclude Include="WindowsThrowMacros.h">
      <Filter>Header Files\Macros</Filter>
    </ClInclude>
    <ClInclude Include="Bindable.h">
      <Filter>Header Files\Bindable</Filter>
    </ClInclude>
    <ClInclude Include="BindableInclude.h">
      <Filter>Header Files\Bindable</Filter>
    </ClInclude>
    <ClInclude Include="IndexBuffer.h">
      <Filter>Header Files\Bindable</Filter>
    </ClInclude>
    <ClInclude Include="InputLayout.h">
      <Filter>Header Files\Bindable</Filter>
    </ClInclude>
    <ClInclude Include="Topology.h">
      <Filter>Header Files\Bindable</Filter>
    </ClInclude>
    <ClInclude Include="TransformCbuf.h">
      <Filter>Header Files\Bindable</Filter>
    </ClInclude>
    <ClInclude Include="ChiliUtil.h">
      <Filter>Header Files</Filter>
    </ClInclude>
    <ClInclude Include="Surface.h">
      <Filter>Header Files\Chili</Filter>
    </ClInclude>
    <ClInclude Include="GDIPlusManager.h">
      <Filter>Header Files\Chili</Filter>
    </ClInclude>
    <ClInclude Include="Texture.h">
      <Filter>Header Files\Bindable</Filter>
    </ClInclude>
    <ClInclude Include="Sampler.h">
      <Filter>Header Files\Bindable</Filter>
    </ClInclude>
    <ClInclude Include="Imgui\imconfig.h">
      <Filter>Imgui\Headers</Filter>
    </ClInclude>
    <ClInclude Include="Imgui\imgui.h">
      <Filter>Imgui\Headers</Filter>
    </ClInclude>
    <ClInclude Include="Imgui\imgui_internal.h">
      <Filter>Imgui\Headers</Filter>
    </ClInclude>
    <ClInclude Include="Imgui\imstb_rectpack.h">
      <Filter>Imgui\Headers</Filter>
    </ClInclude>
    <ClInclude Include="Imgui\imstb_textedit.h">
      <Filter>Imgui\Headers</Filter>
    </ClInclude>
    <ClInclude Include="Imgui\imstb_truetype.h">
      <Filter>Imgui\Headers</Filter>
    </ClInclude>
    <ClInclude Include="Imgui\imgui_impl_win32.h">
      <Filter>Imgui\Headers</Filter>
    </ClInclude>
    <ClInclude Include="Imgui\imgui_impl_dx11.h">
      <Filter>Imgui\Headers</Filter>
    </ClInclude>
    <ClInclude Include="ImguiManager.h">
      <Filter>Header Files</Filter>
    </ClInclude>
    <ClInclude Include="Camera.h">
      <Filter>Header Files</Filter>
    </ClInclude>
    <ClInclude Include="PointLight.h">
      <Filter>Header Files\Lights</Filter>
    </ClInclude>
    <ClInclude Include="FBXImporter.h">
      <Filter>Header Files\FBXImporter</Filter>
    </ClInclude>
    <ClInclude Include="ModelAsset.h">
      <Filter>Header Files\FBXImporter</Filter>
    </ClInclude>
    <ClInclude Include="DebugHelper.h">
      <Filter>Header Files\FBXImporter</Filter>
    </ClInclude>
    <ClInclude Include="ModelInstance.h">
      <Filter>Header Files\Drawable</Filter>
    </ClInclude>
    <ClInclude Include="VertexLayout.h">
      <Filter>Header Files\VertexData</Filter>
    </ClInclude>
    <ClInclude Include="Colors.h">
      <Filter>Header Files\VertexData</Filter>
    </ClInclude>
    <ClInclude Include="SceneGraphNode.h">
      <Filter>Header Files\SceneGraphs</Filter>
    </ClInclude>
    <ClInclude Include="Log.h">
      <Filter>Header Files</Filter>
    </ClInclude>
    <ClInclude Include="MeshRenderer.h">
      <Filter>Header Files\Drawable</Filter>
    </ClInclude>
    <ClInclude Include="DepthStencil.h">
      <Filter>Header Files</Filter>
    </ClInclude>
    <ClInclude Include="Technique.h">
      <Filter>Header Files\RenderJobs</Filter>
    </ClInclude>
    <ClInclude Include="NullPixelShader.h">
      <Filter>Header Files\Bindable\Shaders</Filter>
    </ClInclude>
    <ClInclude Include="VertexShader.h">
      <Filter>Header Files\Bindable\Shaders</Filter>
    </ClInclude>
    <ClInclude Include="PixelShader.h">
      <Filter>Header Files\Bindable\Shaders</Filter>
    </ClInclude>
    <ClInclude Include="Material.h">
      <Filter>Header Files\Bindable\Materials</Filter>
    </ClInclude>
    <ClInclude Include="MaterialPass.h">
      <Filter>Header Files\Bindable\Materials</Filter>
    </ClInclude>
    <ClInclude Include="Binding.h">
      <Filter>Header Files\Bindable</Filter>
    </ClInclude>
    <ClInclude Include="TextParser.h">
      <Filter>Header Files\Util</Filter>
    </ClInclude>
    <ClInclude Include="RasterizerState.h">
      <Filter>Header Files\Bindable</Filter>
    </ClInclude>
    <ClInclude Include="RenderPass.h">
      <Filter>Header Files\RenderJobs</Filter>
    </ClInclude>
    <ClInclude Include="RenderStep.h">
      <Filter>Header Files\RenderJobs</Filter>
    </ClInclude>
    <ClInclude Include="RenderTexture.h">
      <Filter>Header Files\RenderPipeline</Filter>
    </ClInclude>
    <ClInclude Include="FullscreenPass.h">
      <Filter>Header Files\RenderJobs\Passes</Filter>
    </ClInclude>
    <ClInclude Include="RenderTarget.h">
      <Filter>Header Files\RenderPipeline</Filter>
    </ClInclude>
    <ClInclude Include="DepthStencilTarget.h">
      <Filter>Header Files\RenderPipeline</Filter>
    </ClInclude>
    <ClInclude Include="Graphics.h">
      <Filter>Header Files\RenderPipeline</Filter>
    </ClInclude>
    <ClInclude Include="BaseMesh.h">
      <Filter>Header Files\FBXImporter\Meshes</Filter>
    </ClInclude>
    <ClInclude Include="MeshAsset.h">
      <Filter>Header Files\FBXImporter\Meshes</Filter>
    </ClInclude>
    <ClInclude Include="InstancedMeshRenderer.h">
      <Filter>Header Files\Drawable</Filter>
    </ClInclude>
    <ClInclude Include="Buffer.h">
      <Filter>Header Files\Bindable\Buffers</Filter>
    </ClInclude>
    <ClInclude Include="ConstantBuffer.h">
      <Filter>Header Files\Bindable\Buffers</Filter>
    </ClInclude>
    <ClInclude Include="VertexBufferWrapper.h">
      <Filter>Header Files\Bindable</Filter>
    </ClInclude>
    <ClInclude Include="StructuredBufferData.h">
      <Filter>Header Files\Bindable\Buffers\Data</Filter>
    </ClInclude>
    <ClInclude Include="BaseBufferData.h">
      <Filter>Header Files\Bindable\Buffers\Data</Filter>
    </ClInclude>
    <ClInclude Include="RawBufferData.h">
      <Filter>Header Files\Bindable\Buffers\Data</Filter>
    </ClInclude>
    <ClInclude Include="ModelNode.h">
      <Filter>Header Files\Drawable</Filter>
    </ClInclude>
    <ClInclude Include="DX11Include.h">
      <Filter>Header Files</Filter>
    </ClInclude>
    <ClInclude Include="DXMathInclude.h">
      <Filter>Header Files</Filter>
    </ClInclude>
    <ClInclude Include="DepthStencilState.h">
      <Filter>Header Files\Bindable</Filter>
    </ClInclude>
    <ClInclude Include="ComputeShader.h">
      <Filter>Header Files\Bindable\Shaders</Filter>
    </ClInclude>
    <ClInclude Include="ComputeKernel.h">
      <Filter>Header Files\Bindable\Compute</Filter>
    </ClInclude>
    <ClInclude Include="SharedCodex.h">
      <Filter>Header Files\Codex</Filter>
    </ClInclude>
    <ClInclude Include="CodexElement.h">
      <Filter>Header Files\Codex</Filter>
    </ClInclude>
    <ClInclude Include="StructuredBuffer.h">
      <Filter>Header Files\Bindable\Buffers</Filter>
    </ClInclude>
    <ClInclude Include="CommonCbuffers.h">
      <Filter>Header Files\Bindable\Buffers</Filter>
    </ClInclude>
    <ClInclude Include="Common.h">
      <Filter>Header Files</Filter>
    </ClInclude>
    <ClInclude Include="LightData.h">
      <Filter>Header Files\Lights</Filter>
    </ClInclude>
    <ClInclude Include="LightManager.h">
      <Filter>Header Files\RenderPipeline</Filter>
    </ClInclude>
    <ClInclude Include="Renderer.h">
      <Filter>Header Files\RenderJobs</Filter>
    </ClInclude>
    <ClInclude Include="RenderConstants.h">
      <Filter>Header Files\RenderPipeline</Filter>
    </ClInclude>
    <ClInclude Include="Spotlight.h">
      <Filter>Header Files\Lights</Filter>
    </ClInclude>
    <ClInclude Include="Light.h">
      <Filter>Header Files\Lights</Filter>
    </ClInclude>
    <ClInclude Include="DirectionalLight.h">
      <Filter>Header Files\Lights</Filter>
    </ClInclude>
    <ClInclude Include="DrawCall.h">
      <Filter>Header Files\RenderJobs</Filter>
    </ClInclude>
    <ClInclude Include="RendererList.h">
      <Filter>Header Files\Drawable</Filter>
    </ClInclude>
    <ClInclude Include="Frustum.h">
      <Filter>Header Files\Util</Filter>
    </ClInclude>
    <ClInclude Include="DrawContext.h">
      <Filter>Header Files\RenderJobs</Filter>
    </ClInclude>
    <ClInclude Include="Transforms.h">
      <Filter>Header Files\Util</Filter>
    </ClInclude>
    <ClInclude Include="ShadowPassContext.h">
      <Filter>Header Files\Shadows</Filter>
    </ClInclude>
  </ItemGroup>
  <ItemGroup>
    <ResourceCompile Include="DX11Renderer.rc">
      <Filter>Resource Files</Filter>
    </ResourceCompile>
  </ItemGroup>
  <ItemGroup>
    <Image Include="icon1.ico">
      <Filter>Resource Files</Filter>
    </Image>
  </ItemGroup>
  <ItemGroup>
    <None Include="DXTrace.inl">
      <Filter>Source Files\ChiliErrors</Filter>
    </None>
    <None Include="DXGetErrorDescription.inl">
      <Filter>Source Files\ChiliErrors</Filter>
    </None>
    <None Include="DXGetErrorString.inl">
      <Filter>Source Files\ChiliErrors</Filter>
    </None>
    <None Include="Shaders\Lighting\Schlick.hlsli">
      <Filter>Shaders\Lighting</Filter>
    </None>
    <None Include="Shaders\Lighting\Diffuse.hlsli">
      <Filter>Shaders\Lighting</Filter>
    </None>
    <None Include="Shaders\PhongCommon.hlsli">
      <Filter>Shaders</Filter>
    </None>
    <None Include="Assets\Materials\LightMaterial.asset">
      <Filter>Assets\Materials</Filter>
    </None>
    <None Include="Shaders\Lighting\BRDF.hlsli">
      <Filter>Shaders\Lighting</Filter>
    </None>
    <None Include="Assets\Models\Head.asset">
      <Filter>Assets\Models</Filter>
    </None>
    <None Include="Assets\Materials\HeadMaterial.asset">
      <Filter>Assets\Materials</Filter>
    </None>
    <None Include="Assets\Materials\HairMaterial.asset">
      <Filter>Assets\Materials</Filter>
    </None>
    <None Include="Assets\Models\DefaultSphere.asset">
      <Filter>Assets\Models</Filter>
    </None>
    <None Include="Shaders\CbufCommon.hlsli">
      <Filter>Shaders\Common</Filter>
    </None>
    <None Include="Shaders\Lighting\LightStructs.hlsli">
      <Filter>Shaders\Lighting</Filter>
    </None>
    <None Include="Assets\Models\DefaultQuad.asset">
      <Filter>Assets\Models</Filter>
    </None>
    <None Include="Shaders\Lighting\Lights.hlsli">
      <Filter>Shaders\Lighting</Filter>
    </None>
  </ItemGroup>
  <ItemGroup>
    <FxCompile Include="Shaders\SolidPS.hlsl">
      <Filter>Shaders</Filter>
    </FxCompile>
    <FxCompile Include="Shaders\SolidVS.hlsl">
      <Filter>Shaders</Filter>
    </FxCompile>
    <FxCompile Include="Shaders\PhongPS.hlsl">
      <Filter>Shaders</Filter>
    </FxCompile>
    <FxCompile Include="Shaders\PhongVS.hlsl">
      <Filter>Shaders</Filter>
    </FxCompile>
    <FxCompile Include="FullscreenVS.hlsl">
      <Filter>Shaders</Filter>
    </FxCompile>
    <FxCompile Include="Shaders\BlitPS.hlsl">
      <Filter>Shaders</Filter>
    </FxCompile>
    <FxCompile Include="Shaders\ComputeTest.hlsl">
      <Filter>Shaders\TiledLighting</Filter>
    </FxCompile>
    <FxCompile Include="Shaders\OpaqueGbuffer.hlsl">
      <Filter>Shaders</Filter>
    </FxCompile>
    <FxCompile Include="ClusteredLightingCompute.hlsl">
      <Filter>Shaders\TiledLighting</Filter>
    </FxCompile>
    <FxCompile Include="Shaders\TiledLightingCompute.hlsl">
      <Filter>Shaders\TiledLighting</Filter>
    </FxCompile>
    <FxCompile Include="Shaders\SolidColorPS.hlsl">
      <Filter>Shaders</Filter>
    </FxCompile>
    <FxCompile Include="Shaders\SolidColorGbuffer.hlsl">
      <Filter>Shaders</Filter>
    </FxCompile>
  </ItemGroup>
</Project>